
Microsoft Visual Studio Solution File, Format Version 12.00
# Visual Studio Version 17
VisualStudioVersion = 17.0.31903.59
MinimumVisualStudioVersion = 10.0.40219.1
Project("{FAE04EC0-301F-11D3-BF4B-00C04F79EFBC}") = "ShortcutFiles", "ShortcutFiles\ShortcutFiles.csproj", "{6E2ACF1A-0B64-4F02-B605-5109B224E2AF}"
EndProject
Project("{FAE04EC0-301F-11D3-BF4B-00C04F79EFBC}") = "ShortcutFiles.Tests", "ShortcutFiles.Tests\ShortcutFiles.Tests.csproj", "{5B927339-3835-4CDB-916B-00D766BDB084}"
EndProject
Global
	GlobalSection(SolutionConfigurationPlatforms) = preSolution
		Debug|Any CPU = Debug|Any CPU
		Release|Any CPU = Release|Any CPU
	EndGlobalSection
	GlobalSection(SolutionProperties) = preSolution
		HideSolutionNode = FALSE
	EndGlobalSection
	GlobalSection(ProjectConfigurationPlatforms) = postSolution
		{6E2ACF1A-0B64-4F02-B605-5109B224E2AF}.Debug|Any CPU.ActiveCfg = Debug|Any CPU
		{6E2ACF1A-0B64-4F02-B605-5109B224E2AF}.Debug|Any CPU.Build.0 = Debug|Any CPU
		{6E2ACF1A-0B64-4F02-B605-5109B224E2AF}.Release|Any CPU.ActiveCfg = Release|Any CPU
		{6E2ACF1A-0B64-4F02-B605-5109B224E2AF}.Release|Any CPU.Build.0 = Release|Any CPU
		{5B927339-3835-4CDB-916B-00D766BDB084}.Debug|Any CPU.ActiveCfg = Debug|Any CPU
		{5B927339-3835-4CDB-916B-00D766BDB084}.Debug|Any CPU.Build.0 = Debug|Any CPU
		{5B927339-3835-4CDB-916B-00D766BDB084}.Release|Any CPU.ActiveCfg = Release|Any CPU
		{5B927339-3835-4CDB-916B-00D766BDB084}.Release|Any CPU.Build.0 = Release|Any CPU
	EndGlobalSection
EndGlobal
